
Microsoft Visual Studio Solution File, Format Version 12.00
# Visual Studio Version 16
VisualStudioVersion = 16.0.30907.101
MinimumVisualStudioVersion = 10.0.40219.1
Project("{FAE04EC0-301F-11D3-BF4B-00C04F79EFBC}") = "Addition", "Addition.csproj", "{0C96583E-30D6-4B42-A574-42938B17DA51}"
EndProject
Project("{FAE04EC0-301F-11D3-BF4B-00C04F79EFBC}") = "T01HOL001", "..\T01HOL001\T01HOL001.csproj", "{71BB4486-6BCC-45EF-A2EB-A41B9349AEDD}"
EndProject
Global
	GlobalSection(SolutionConfigurationPlatforms) = preSolution
		Debug|Any CPU = Debug|Any CPU
		Release|Any CPU = Release|Any CPU
	EndGlobalSection
	GlobalSection(ProjectConfigurationPlatforms) = postSolution
		{0C96583E-30D6-4B42-A574-42938B17DA51}.Debug|Any CPU.ActiveCfg = Debug|Any CPU
		{0C96583E-30D6-4B42-A574-42938B17DA51}.Debug|Any CPU.Build.0 = Debug|Any CPU
		{0C96583E-30D6-4B42-A574-42938B17DA51}.Release|Any CPU.ActiveCfg = Release|Any CPU
		{0C96583E-30D6-4B42-A574-42938B17DA51}.Release|Any CPU.Build.0 = Release|Any CPU
		{71BB4486-6BCC-45EF-A2EB-A41B9349AEDD}.Debug|Any CPU.ActiveCfg = Debug|Any CPU
		{71BB4486-6BCC-45EF-A2EB-A41B9349AEDD}.Debug|Any CPU.Build.0 = Debug|Any CPU
		{71BB4486-6BCC-45EF-A2EB-A41B9349AEDD}.Release|Any CPU.ActiveCfg = Release|Any CPU
		{71BB4486-6BCC-45EF-A2EB-A41B9349AEDD}.Release|Any CPU.Build.0 = Release|Any CPU
	EndGlobalSection
	GlobalSection(SolutionProperties) = preSolution
		HideSolutionNode = FALSE
	EndGlobalSection
	GlobalSection(ExtensibilityGlobals) = postSolution
		SolutionGuid = {203E24AD-1A78-4AF3-8EA3-CC12993B8E8C}
	EndGlobalSection
EndGlobal
